
Microsoft Visual Studio Solution File, Format Version 12.00
# Visual Studio Version 16
VisualStudioVersion = 16.0.30128.74
MinimumVisualStudioVersion = 10.0.40219.1
Project("{888888A0-9F3D-457C-B088-3A5042F75D52}") = "Fibonacci Sum Again", "Fibonacci Sum Again\Fibonacci Sum Again.pyproj", "{F7EBA228-0516-40F3-A287-3E98A6CF59C7}"
EndProject
Global
	GlobalSection(SolutionConfigurationPlatforms) = preSolution
		Debug|Any CPU = Debug|Any CPU
		Release|Any CPU = Release|Any CPU
	EndGlobalSection
	GlobalSection(ProjectConfigurationPlatforms) = postSolution
		{F7EBA228-0516-40F3-A287-3E98A6CF59C7}.Debug|Any CPU.ActiveCfg = Debug|Any CPU
		{F7EBA228-0516-40F3-A287-3E98A6CF59C7}.Release|Any CPU.ActiveCfg = Release|Any CPU
	EndGlobalSection
	GlobalSection(SolutionProperties) = preSolution
		HideSolutionNode = FALSE
	EndGlobalSection
	GlobalSection(ExtensibilityGlobals) = postSolution
		SolutionGuid = {F5B77476-2780-4532-84D3-D0BB8B79D54A}
	EndGlobalSection
EndGlobal
